// !$*UTF8*$!
{
	archiveVersion = 1;
	classes = {
	};
	objectVersion = 55;
	objects = {

/* Begin PBXBuildFile section */
		ED75A53B2A3DDA330066BE69 /* HabitRepository.swift in Sources */ = {isa = PBXBuildFile; fileRef = ED75A53A2A3DDA330066BE69 /* HabitRepository.swift */; };
		ED75A53D2A3F74AC0066BE69 /* Color+extension.swift in Sources */ = {isa = PBXBuildFile; fileRef = ED75A53C2A3F74AC0066BE69 /* Color+extension.swift */; };
		EDA684C72A3F7BBB00EC71A8 /* Storage.swift in Sources */ = {isa = PBXBuildFile; fileRef = EDA684C62A3F7BBB00EC71A8 /* Storage.swift */; };
		EDA684C92A3F7BED00EC71A8 /* HabitModel.swift in Sources */ = {isa = PBXBuildFile; fileRef = EDA684C82A3F7BED00EC71A8 /* HabitModel.swift */; };
		EDA684CC2A3F7F4900EC71A8 /* DetailHabitView.swift in Sources */ = {isa = PBXBuildFile; fileRef = EDA684CB2A3F7F4900EC71A8 /* DetailHabitView.swift */; };
		EDA684CE2A3F7F6100EC71A8 /* NewHabitView.swift in Sources */ = {isa = PBXBuildFile; fileRef = EDA684CD2A3F7F6100EC71A8 /* NewHabitView.swift */; };
		EDA684D02A3F7F8200EC71A8 /* HabitProgressCell.swift in Sources */ = {isa = PBXBuildFile; fileRef = EDA684CF2A3F7F8200EC71A8 /* HabitProgressCell.swift */; };
		EDB3E4EB2A2FC7D000BF1BE0 /* HabitApp.swift in Sources */ = {isa = PBXBuildFile; fileRef = EDB3E4EA2A2FC7D000BF1BE0 /* HabitApp.swift */; };
		EDB3E4ED2A2FC7D000BF1BE0 /* MainView.swift in Sources */ = {isa = PBXBuildFile; fileRef = EDB3E4EC2A2FC7D000BF1BE0 /* MainView.swift */; };
		EDB3E4EF2A2FC7D900BF1BE0 /* Assets.xcassets in Resources */ = {isa = PBXBuildFile; fileRef = EDB3E4EE2A2FC7D900BF1BE0 /* Assets.xcassets */; };
		EDB3E4F22A2FC7D900BF1BE0 /* Preview Assets.xcassets in Resources */ = {isa = PBXBuildFile; fileRef = EDB3E4F12A2FC7D900BF1BE0 /* Preview Assets.xcassets */; };
		EDC61EC02A40CE010040A418 /* Charts in Frameworks */ = {isa = PBXBuildFile; productRef = EDC61EBF2A40CE010040A418 /* Charts */; };
		EDE040342A69C92A00AC18E3 /* View+extension.swift in Sources */ = {isa = PBXBuildFile; fileRef = EDE040332A69C92900AC18E3 /* View+extension.swift */; };
		EDE040362A69E2FC00AC18E3 /* CircularProgressView.swift in Sources */ = {isa = PBXBuildFile; fileRef = EDE040352A69E2FC00AC18E3 /* CircularProgressView.swift */; };
		EDE040382A69E3A900AC18E3 /* Constants.swift in Sources */ = {isa = PBXBuildFile; fileRef = EDE040372A69E3A900AC18E3 /* Constants.swift */; };
/* End PBXBuildFile section */

/* Begin PBXFileReference section */
		ED75A53A2A3DDA330066BE69 /* HabitRepository.swift */ = {isa = PBXFileReference; lastKnownFileType = sourcecode.swift; path = HabitRepository.swift; sourceTree = "<group>"; };
		ED75A53C2A3F74AC0066BE69 /* Color+extension.swift */ = {isa = PBXFileReference; lastKnownFileType = sourcecode.swift; path = "Color+extension.swift"; sourceTree = "<group>"; };
		EDA684C62A3F7BBB00EC71A8 /* Storage.swift */ = {isa = PBXFileReference; lastKnownFileType = sourcecode.swift; path = Storage.swift; sourceTree = "<group>"; };
		EDA684C82A3F7BED00EC71A8 /* HabitModel.swift */ = {isa = PBXFileReference; lastKnownFileType = sourcecode.swift; path = HabitModel.swift; sourceTree = "<group>"; };
		EDA684CB2A3F7F4900EC71A8 /* DetailHabitView.swift */ = {isa = PBXFileReference; lastKnownFileType = sourcecode.swift; path = DetailHabitView.swift; sourceTree = "<group>"; };
		EDA684CD2A3F7F6100EC71A8 /* NewHabitView.swift */ = {isa = PBXFileReference; lastKnownFileType = sourcecode.swift; path = NewHabitView.swift; sourceTree = "<group>"; };
		EDA684CF2A3F7F8200EC71A8 /* HabitProgressCell.swift */ = {isa = PBXFileReference; lastKnownFileType = sourcecode.swift; path = HabitProgressCell.swift; sourceTree = "<group>"; };
		EDB3E4E72A2FC7D000BF1BE0 /* Tracker.app */ = {isa = PBXFileReference; explicitFileType = wrapper.application; includeInIndex = 0; path = Tracker.app; sourceTree = BUILT_PRODUCTS_DIR; };
		EDB3E4EA2A2FC7D000BF1BE0 /* HabitApp.swift */ = {isa = PBXFileReference; lastKnownFileType = sourcecode.swift; path = HabitApp.swift; sourceTree = "<group>"; };
		EDB3E4EC2A2FC7D000BF1BE0 /* MainView.swift */ = {isa = PBXFileReference; lastKnownFileType = sourcecode.swift; path = MainView.swift; sourceTree = "<group>"; };
		EDB3E4EE2A2FC7D900BF1BE0 /* Assets.xcassets */ = {isa = PBXFileReference; lastKnownFileType = folder.assetcatalog; path = Assets.xcassets; sourceTree = "<group>"; };
		EDB3E4F12A2FC7D900BF1BE0 /* Preview Assets.xcassets */ = {isa = PBXFileReference; lastKnownFileType = folder.assetcatalog; path = "Preview Assets.xcassets"; sourceTree = "<group>"; };
		EDE040332A69C92900AC18E3 /* View+extension.swift */ = {isa = PBXFileReference; lastKnownFileType = sourcecode.swift; path = "View+extension.swift"; sourceTree = "<group>"; };
		EDE040352A69E2FC00AC18E3 /* CircularProgressView.swift */ = {isa = PBXFileReference; lastKnownFileType = sourcecode.swift; path = CircularProgressView.swift; sourceTree = "<group>"; };
		EDE040372A69E3A900AC18E3 /* Constants.swift */ = {isa = PBXFileReference; lastKnownFileType = sourcecode.swift; path = Constants.swift; sourceTree = "<group>"; };
/* End PBXFileReference section */

/* Begin PBXFrameworksBuildPhase section */
		EDB3E4E42A2FC7D000BF1BE0 /* Frameworks */ = {
			isa = PBXFrameworksBuildPhase;
			buildActionMask = 2147483647;
			files = (
				EDC61EC02A40CE010040A418 /* Charts in Frameworks */,
			);
			runOnlyForDeploymentPostprocessing = 0;
		};
/* End PBXFrameworksBuildPhase section */

/* Begin PBXGroup section */
		EDA684CA2A3F7F3200EC71A8 /* Views */ = {
			isa = PBXGroup;
			children = (
				EDB3E4EC2A2FC7D000BF1BE0 /* MainView.swift */,
				EDA684CB2A3F7F4900EC71A8 /* DetailHabitView.swift */,
				EDA684CD2A3F7F6100EC71A8 /* NewHabitView.swift */,
				EDA684CF2A3F7F8200EC71A8 /* HabitProgressCell.swift */,
				EDE040352A69E2FC00AC18E3 /* CircularProgressView.swift */,
			);
			path = Views;
			sourceTree = "<group>";
		};
		EDB3E4DE2A2FC7D000BF1BE0 = {
			isa = PBXGroup;
			children = (
				EDB3E4E92A2FC7D000BF1BE0 /* Tracker */,
				EDB3E4E82A2FC7D000BF1BE0 /* Products */,
			);
			sourceTree = "<group>";
		};
		EDB3E4E82A2FC7D000BF1BE0 /* Products */ = {
			isa = PBXGroup;
			children = (
				EDB3E4E72A2FC7D000BF1BE0 /* Tracker.app */,
			);
			name = Products;
			sourceTree = "<group>";
		};
		EDB3E4E92A2FC7D000BF1BE0 /* Tracker */ = {
			isa = PBXGroup;
			children = (
				EDA684CA2A3F7F3200EC71A8 /* Views */,
				EDB3E4EA2A2FC7D000BF1BE0 /* HabitApp.swift */,
				EDB3E4EE2A2FC7D900BF1BE0 /* Assets.xcassets */,
				EDB3E4F02A2FC7D900BF1BE0 /* Preview Content */,
				ED75A53A2A3DDA330066BE69 /* HabitRepository.swift */,
				ED75A53C2A3F74AC0066BE69 /* Color+extension.swift */,
				EDA684C62A3F7BBB00EC71A8 /* Storage.swift */,
				EDA684C82A3F7BED00EC71A8 /* HabitModel.swift */,
				EDE040332A69C92900AC18E3 /* View+extension.swift */,
				EDE040372A69E3A900AC18E3 /* Constants.swift */,
			);
			path = Tracker;
			sourceTree = "<group>";
		};
		EDB3E4F02A2FC7D900BF1BE0 /* Preview Content */ = {
			isa = PBXGroup;
			children = (
				EDB3E4F12A2FC7D900BF1BE0 /* Preview Assets.xcassets */,
			);
			path = "Preview Content";
			sourceTree = "<group>";
		};
/* End PBXGroup section */

/* Begin PBXNativeTarget section */
		EDB3E4E62A2FC7D000BF1BE0 /* Tracker */ = {
			isa = PBXNativeTarget;
			buildConfigurationList = EDB3E4F52A2FC7D900BF1BE0 /* Build configuration list for PBXNativeTarget "Tracker" */;
			buildPhases = (
				EDB3E4E32A2FC7D000BF1BE0 /* Sources */,
				EDB3E4E42A2FC7D000BF1BE0 /* Frameworks */,
				EDB3E4E52A2FC7D000BF1BE0 /* Resources */,
			);
			buildRules = (
			);
			dependencies = (
			);
			name = Tracker;
			packageProductDependencies = (
				EDC61EBF2A40CE010040A418 /* Charts */,
			);
			productName = Tracker;
			productReference = EDB3E4E72A2FC7D000BF1BE0 /* Tracker.app */;
			productType = "com.apple.product-type.application";
		};
/* End PBXNativeTarget section */

/* Begin PBXProject section */
		EDB3E4DF2A2FC7D000BF1BE0 /* Project object */ = {
			isa = PBXProject;
			attributes = {
				BuildIndependentTargetsInParallel = 1;
				LastSwiftUpdateCheck = 1340;
				LastUpgradeCheck = 1340;
				TargetAttributes = {
					EDB3E4E62A2FC7D000BF1BE0 = {
						CreatedOnToolsVersion = 13.4.1;
					};
				};
			};
			buildConfigurationList = EDB3E4E22A2FC7D000BF1BE0 /* Build configuration list for PBXProject "Tracker" */;
			compatibilityVersion = "Xcode 13.0";
			developmentRegion = en;
			hasScannedForEncodings = 0;
			knownRegions = (
				en,
				Base,
			);
			mainGroup = EDB3E4DE2A2FC7D000BF1BE0;
			packageReferences = (
				EDC61EBE2A40CE010040A418 /* XCRemoteSwiftPackageReference "swiftui-charts" */,
			);
			productRefGroup = EDB3E4E82A2FC7D000BF1BE0 /* Products */;
			projectDirPath = "";
			projectRoot = "";
			targets = (
				EDB3E4E62A2FC7D000BF1BE0 /* Tracker */,
			);
		};
/* End PBXProject section */

/* Begin PBXResourcesBuildPhase section */
		EDB3E4E52A2FC7D000BF1BE0 /* Resources */ = {
			isa = PBXResourcesBuildPhase;
			buildActionMask = 2147483647;
			files = (
				EDB3E4F22A2FC7D900BF1BE0 /* Preview Assets.xcassets in Resources */,
				EDB3E4EF2A2FC7D900BF1BE0 /* Assets.xcassets in Resources */,
			);
			runOnlyForDeploymentPostprocessing = 0;
		};
/* End PBXResourcesBuildPhase section */

/* Begin PBXSourcesBuildPhase section */
		EDB3E4E32A2FC7D000BF1BE0 /* Sources */ = {
			isa = PBXSourcesBuildPhase;
			buildActionMask = 2147483647;
			files = (
				EDE040342A69C92A00AC18E3 /* View+extension.swift in Sources */,
				EDA684CC2A3F7F4900EC71A8 /* DetailHabitView.swift in Sources */,
				EDA684C92A3F7BED00EC71A8 /* HabitModel.swift in Sources */,
				EDA684CE2A3F7F6100EC71A8 /* NewHabitView.swift in Sources */,
				EDB3E4ED2A2FC7D000BF1BE0 /* MainView.swift in Sources */,
				ED75A53B2A3DDA330066BE69 /* HabitRepository.swift in Sources */,
				EDB3E4EB2A2FC7D000BF1BE0 /* HabitApp.swift in Sources */,
				EDA684D02A3F7F8200EC71A8 /* HabitProgressCell.swift in Sources */,
				ED75A53D2A3F74AC0066BE69 /* Color+extension.swift in Sources */,
				EDA684C72A3F7BBB00EC71A8 /* Storage.swift in Sources */,
				EDE040362A69E2FC00AC18E3 /* CircularProgressView.swift in Sources */,
				EDE040382A69E3A900AC18E3 /* Constants.swift in Sources */,
			);
			runOnlyForDeploymentPostprocessing = 0;
		};
/* End PBXSourcesBuildPhase section */

/* Begin XCBuildConfiguration section */
		EDB3E4F32A2FC7D900BF1BE0 /* Debug */ = {
			isa = XCBuildConfiguration;
			buildSettings = {
				ALWAYS_SEARCH_USER_PATHS = NO;
				CLANG_ANALYZER_NONNULL = YES;
				CLANG_ANALYZER_NUMBER_OBJECT_CONVERSION = YES_AGGRESSIVE;
				CLANG_CXX_LANGUAGE_STANDARD = "gnu++17";
				CLANG_ENABLE_MODULES = YES;
				CLANG_ENABLE_OBJC_ARC = YES;
				CLANG_ENABLE_OBJC_WEAK = YES;
				CLANG_WARN_BLOCK_CAPTURE_AUTORELEASING = YES;
				CLANG_WARN_BOOL_CONVERSION = YES;
				CLANG_WARN_COMMA = YES;
				CLANG_WARN_CONSTANT_CONVERSION = YES;
				CLANG_WARN_DEPRECATED_OBJC_IMPLEMENTATIONS = YES;
				CLANG_WARN_DIRECT_OBJC_ISA_USAGE = YES_ERROR;
				CLANG_WARN_DOCUMENTATION_COMMENTS = YES;
				CLANG_WARN_EMPTY_BODY = YES;
				CLANG_WARN_ENUM_CONVERSION = YES;
				CLANG_WARN_INFINITE_RECURSION = YES;
				CLANG_WARN_INT_CONVERSION = YES;
				CLANG_WARN_NON_LITERAL_NULL_CONVERSION = YES;
				CLANG_WARN_OBJC_IMPLICIT_RETAIN_SELF = YES;
				CLANG_WARN_OBJC_LITERAL_CONVERSION = YES;
				CLANG_WARN_OBJC_ROOT_CLASS = YES_ERROR;
				CLANG_WARN_QUOTED_INCLUDE_IN_FRAMEWORK_HEADER = YES;
				CLANG_WARN_RANGE_LOOP_ANALYSIS = YES;
				CLANG_WARN_STRICT_PROTOTYPES = YES;
				CLANG_WARN_SUSPICIOUS_MOVE = YES;
				CLANG_WARN_UNGUARDED_AVAILABILITY = YES_AGGRESSIVE;
				CLANG_WARN_UNREACHABLE_CODE = YES;
				CLANG_WARN__DUPLICATE_METHOD_MATCH = YES;
				COPY_PHASE_STRIP = NO;
				DEBUG_INFORMATION_FORMAT = dwarf;
				ENABLE_STRICT_OBJC_MSGSEND = YES;
				ENABLE_TESTABILITY = YES;
				GCC_C_LANGUAGE_STANDARD = gnu11;
				GCC_DYNAMIC_NO_PIC = NO;
				GCC_NO_COMMON_BLOCKS = YES;
				GCC_OPTIMIZATION_LEVEL = 0;
				GCC_PREPROCESSOR_DEFINITIONS = (
					"DEBUG=1",
					"$(inherited)",
				);
				GCC_WARN_64_TO_32_BIT_CONVERSION = YES;
				GCC_WARN_ABOUT_RETURN_TYPE = YES_ERROR;
				GCC_WARN_UNDECLARED_SELECTOR = YES;
				GCC_WARN_UNINITIALIZED_AUTOS = YES_AGGRESSIVE;
				GCC_WARN_UNUSED_FUNCTION = YES;
				GCC_WARN_UNUSED_VARIABLE = YES;
				IPHONEOS_DEPLOYMENT_TARGET = 15.5;
				MTL_ENABLE_DEBUG_INFO = INCLUDE_SOURCE;
				MTL_FAST_MATH = YES;
				ONLY_ACTIVE_ARCH = YES;
				SDKROOT = iphoneos;
				SWIFT_ACTIVE_COMPILATION_CONDITIONS = DEBUG;
				SWIFT_OPTIMIZATION_LEVEL = "-Onone";
			};
			name = Debug;
		};
		EDB3E4F42A2FC7D900BF1BE0 /* Release */ = {
			isa = XCBuildConfiguration;
			buildSettings = {
				ALWAYS_SEARCH_USER_PATHS = NO;
				CLANG_ANALYZER_NONNULL = YES;
				CLANG_ANALYZER_NUMBER_OBJECT_CONVERSION = YES_AGGRESSIVE;
				CLANG_CXX_LANGUAGE_STANDARD = "gnu++17";
				CLANG_ENABLE_MODULES = YES;
				CLANG_ENABLE_OBJC_ARC = YES;
				CLANG_ENABLE_OBJC_WEAK = YES;
				CLANG_WARN_BLOCK_CAPTURE_AUTORELEASING = YES;
				CLANG_WARN_BOOL_CONVERSION = YES;
				CLANG_WARN_COMMA = YES;
				CLANG_WARN_CONSTANT_CONVERSION = YES;
				CLANG_WARN_DEPRECATED_OBJC_IMPLEMENTATIONS = YES;
				CLANG_WARN_DIRECT_OBJC_ISA_USAGE = YES_ERROR;
				CLANG_WARN_DOCUMENTATION_COMMENTS = YES;
				CLANG_WARN_EMPTY_BODY = YES;
				CLANG_WARN_ENUM_CONVERSION = YES;
				CLANG_WARN_INFINITE_RECURSION = YES;
				CLANG_WARN_INT_CONVERSION = YES;
				CLANG_WARN_NON_LITERAL_NULL_CONVERSION = YES;
				CLANG_WARN_OBJC_IMPLICIT_RETAIN_SELF = YES;
				CLANG_WARN_OBJC_LITERAL_CONVERSION = YES;
				CLANG_WARN_OBJC_ROOT_CLASS = YES_ERROR;
				CLANG_WARN_QUOTED_INCLUDE_IN_FRAMEWORK_HEADER = YES;
				CLANG_WARN_RANGE_LOOP_ANALYSIS = YES;
				CLANG_WARN_STRICT_PROTOTYPES = YES;
				CLANG_WARN_SUSPICIOUS_MOVE = YES;
				CLANG_WARN_UNGUARDED_AVAILABILITY = YES_AGGRESSIVE;
				CLANG_WARN_UNREACHABLE_CODE = YES;
				CLANG_WARN__DUPLICATE_METHOD_MATCH = YES;
				COPY_PHASE_STRIP = NO;
				DEBUG_INFORMATION_FORMAT = "dwarf-with-dsym";
				ENABLE_NS_ASSERTIONS = NO;
				ENABLE_STRICT_OBJC_MSGSEND = YES;
				GCC_C_LANGUAGE_STANDARD = gnu11;
				GCC_NO_COMMON_BLOCKS = YES;
				GCC_WARN_64_TO_32_BIT_CONVERSION = YES;
				GCC_WARN_ABOUT_RETURN_TYPE = YES_ERROR;
				GCC_WARN_UNDECLARED_SELECTOR = YES;
				GCC_WARN_UNINITIALIZED_AUTOS = YES_AGGRESSIVE;
				GCC_WARN_UNUSED_FUNCTION = YES;
				GCC_WARN_UNUSED_VARIABLE = YES;
				IPHONEOS_DEPLOYMENT_TARGET = 15.5;
				MTL_ENABLE_DEBUG_INFO = NO;
				MTL_FAST_MATH = YES;
				SDKROOT = iphoneos;
				SWIFT_COMPILATION_MODE = wholemodule;
				SWIFT_OPTIMIZATION_LEVEL = "-O";
				VALIDATE_PRODUCT = YES;
			};
			name = Release;
		};
		EDB3E4F62A2FC7D900BF1BE0 /* Debug */ = {
			isa = XCBuildConfiguration;
			buildSettings = {
				ASSETCATALOG_COMPILER_APPICON_NAME = AppIcon;
				ASSETCATALOG_COMPILER_GLOBAL_ACCENT_COLOR_NAME = AccentColor;
				CODE_SIGN_STYLE = Automatic;
				CURRENT_PROJECT_VERSION = 1;
				DEVELOPMENT_ASSET_PATHS = "\"Tracker/Preview Content\"";
				DEVELOPMENT_TEAM = ZQ27S689GF;
				ENABLE_PREVIEWS = YES;
				GENERATE_INFOPLIST_FILE = YES;
				INFOPLIST_KEY_UIApplicationSceneManifest_Generation = YES;
				INFOPLIST_KEY_UIApplicationSupportsIndirectInputEvents = YES;
				INFOPLIST_KEY_UILaunchScreen_Generation = YES;
				INFOPLIST_KEY_UISupportedInterfaceOrientations_iPad = "UIInterfaceOrientationPortrait UIInterfaceOrientationPortraitUpsideDown UIInterfaceOrientationLandscapeLeft UIInterfaceOrientationLandscapeRight";
				INFOPLIST_KEY_UISupportedInterfaceOrientations_iPhone = "UIInterfaceOrientationPortrait UIInterfaceOrientationLandscapeLeft UIInterfaceOrientationLandscapeRight";
				IPHONEOS_DEPLOYMENT_TARGET = 15.0;
				LD_RUNPATH_SEARCH_PATHS = (
					"$(inherited)",
					"@executable_path/Frameworks",
				);
				MARKETING_VERSION = 1.0;
				PRODUCT_BUNDLE_IDENTIFIER = kiraykor.Tracker;
				PRODUCT_NAME = "$(TARGET_NAME)";
				SWIFT_EMIT_LOC_STRINGS = YES;
				SWIFT_VERSION = 5.0;
				TARGETED_DEVICE_FAMILY = "1,2";
			};
			name = Debug;
		};
		EDB3E4F72A2FC7D900BF1BE0 /* Release */ = {
			isa = XCBuildConfiguration;
			buildSettings = {
				ASSETCATALOG_COMPILER_APPICON_NAME = AppIcon;
				ASSETCATALOG_COMPILER_GLOBAL_ACCENT_COLOR_NAME = AccentColor;
				CODE_SIGN_STYLE = Automatic;
				CURRENT_PROJECT_VERSION = 1;
				DEVELOPMENT_ASSET_PATHS = "\"Tracker/Preview Content\"";
				DEVELOPMENT_TEAM = ZQ27S689GF;
				ENABLE_PREVIEWS = YES;
				GENERATE_INFOPLIST_FILE = YES;
				INFOPLIST_KEY_UIApplicationSceneManifest_Generation = YES;
				INFOPLIST_KEY_UIApplicationSupportsIndirectInputEvents = YES;
				INFOPLIST_KEY_UILaunchScreen_Generation = YES;
				INFOPLIST_KEY_UISupportedInterfaceOrientations_iPad = "UIInterfaceOrientationPortrait UIInterfaceOrientationPortraitUpsideDown UIInterfaceOrientationLandscapeLeft UIInterfaceOrientationLandscapeRight";
				INFOPLIST_KEY_UISupportedInterfaceOrientations_iPhone = "UIInterfaceOrientationPortrait UIInterfaceOrientationLandscapeLeft UIInterfaceOrientationLandscapeRight";
				IPHONEOS_DEPLOYMENT_TARGET = 15.0;
				LD_RUNPATH_SEARCH_PATHS = (
					"$(inherited)",
					"@executable_path/Frameworks",
				);
				MARKETING_VERSION = 1.0;
				PRODUCT_BUNDLE_IDENTIFIER = kiraykor.Tracker;
				PRODUCT_NAME = "$(TARGET_NAME)";
				SWIFT_EMIT_LOC_STRINGS = YES;
				SWIFT_VERSION = 5.0;
				TARGETED_DEVICE_FAMILY = "1,2";
			};
			name = Release;
		};
/* End XCBuildConfiguration section */

/* Begin XCConfigurationList section */
		EDB3E4E22A2FC7D000BF1BE0 /* Build configuration list for PBXProject "Tracker" */ = {
			isa = XCConfigurationList;
			buildConfigurations = (
				EDB3E4F32A2FC7D900BF1BE0 /* Debug */,
				EDB3E4F42A2FC7D900BF1BE0 /* Release */,
			);
			defaultConfigurationIsVisible = 0;
			defaultConfigurationName = Release;
		};
		EDB3E4F52A2FC7D900BF1BE0 /* Build configuration list for PBXNativeTarget "Tracker" */ = {
			isa = XCConfigurationList;
			buildConfigurations = (
				EDB3E4F62A2FC7D900BF1BE0 /* Debug */,
				EDB3E4F72A2FC7D900BF1BE0 /* Release */,
			);
			defaultConfigurationIsVisible = 0;
			defaultConfigurationName = Release;
		};
/* End XCConfigurationList section */

/* Begin XCRemoteSwiftPackageReference section */
		EDC61EBE2A40CE010040A418 /* XCRemoteSwiftPackageReference "swiftui-charts" */ = {
			isa = XCRemoteSwiftPackageReference;
			repositoryURL = "https://github.com/spacenation/swiftui-charts.git";
			requirement = {
				kind = upToNextMajorVersion;
				minimumVersion = 1.0.0;
			};
		};
/* End XCRemoteSwiftPackageReference section */

/* Begin XCSwiftPackageProductDependency section */
		EDC61EBF2A40CE010040A418 /* Charts */ = {
			isa = XCSwiftPackageProductDependency;
			package = EDC61EBE2A40CE010040A418 /* XCRemoteSwiftPackageReference "swiftui-charts" */;
			productName = Charts;
		};
/* End XCSwiftPackageProductDependency section */
	};
	rootObject = EDB3E4DF2A2FC7D000BF1BE0 /* Project object */;
}
